{
  "name": "ngx-imready",
  "version": "0.0.1",
  "lockfileVersion": 1,
  "requires": true,
  "dependencies": {
    "@egjs/component": {
      "version": "2.2.2",
      "resolved": "https://registry.npmjs.org/@egjs/component/-/component-2.2.2.tgz",
      "integrity": "sha512-2m6nu6/Mbs6VnoT4IHFGUBX6V82Zp01zDmlWpIJ3fMatHpe7BB1qUYFgMmSWGY0uOvOl4plvflwbCRUAGMfwWQ=="
    },
    "@egjs/imready": {
      "version": "1.1.4",
      "resolved": "https://registry.npmjs.org/@egjs/imready/-/imready-1.1.4.tgz",
      "integrity": "sha512-LyAyriK4syI3URtZtTHE68sfQRBJAcdhzJL1m2N+6QHGwo+M0YNC1HwcLx/ze15MDfv+gGXfQrlF6jPHzK+V4A==",
      "requires": {
        "@egjs/component": "^2.2.2"
      }
    }
  }
}
